
Microsoft Visual Studio Solution File, Format Version 12.00
# Visual Studio Version 17
VisualStudioVersion = 17.5.33530.505
MinimumVisualStudioVersion = 10.0.40219.1
Project("{FAE04EC0-301F-11D3-BF4B-00C04F79EFBC}") = "GTRAssignment", "GTRAssignment\GTRAssignment.csproj", "{B9663CB0-867B-4017-AB67-14E30B71D857}"
EndProject
Global
	GlobalSection(SolutionConfigurationPlatforms) = preSolution
		Debug|Any CPU = Debug|Any CPU
		Release|Any CPU = Release|Any CPU
	EndGlobalSection
	GlobalSection(ProjectConfigurationPlatforms) = postSolution
		{B9663CB0-867B-4017-AB67-14E30B71D857}.Debug|Any CPU.ActiveCfg = Debug|Any CPU
		{B9663CB0-867B-4017-AB67-14E30B71D857}.Debug|Any CPU.Build.0 = Debug|Any CPU
		{B9663CB0-867B-4017-AB67-14E30B71D857}.Release|Any CPU.ActiveCfg = Release|Any CPU
		{B9663CB0-867B-4017-AB67-14E30B71D857}.Release|Any CPU.Build.0 = Release|Any CPU
	EndGlobalSection
	GlobalSection(SolutionProperties) = preSolution
		HideSolutionNode = FALSE
	EndGlobalSection
	GlobalSection(ExtensibilityGlobals) = postSolution
		SolutionGuid = {1ECBEFB2-8F5B-4F85-B746-118DFDA838A6}
	EndGlobalSection
EndGlobal
